
Microsoft Visual Studio Solution File, Format Version 12.00
# Visual Studio Version 17
VisualStudioVersion = 17.11.35222.181
MinimumVisualStudioVersion = 10.0.40219.1
Project("{FAE04EC0-301F-11D3-BF4B-00C04F79EFBC}") = "SeleniumWebDriverProj", "SeleniumWebDriverProj.csproj", "{10C094CA-B48F-4292-8813-C9EE6E59E63E}"
EndProject
Project("{FAE04EC0-301F-11D3-BF4B-00C04F79EFBC}") = "HandlingForm", "HandlingForm\HandlingForm.csproj", "{5C364FB8-F1D5-4FBC-8F76-E8F4A2E1A980}"
EndProject
Global
	GlobalSection(SolutionConfigurationPlatforms) = preSolution
		Debug|Any CPU = Debug|Any CPU
		Release|Any CPU = Release|Any CPU
	EndGlobalSection
	GlobalSection(ProjectConfigurationPlatforms) = postSolution
		{10C094CA-B48F-4292-8813-C9EE6E59E63E}.Debug|Any CPU.ActiveCfg = Debug|Any CPU
		{10C094CA-B48F-4292-8813-C9EE6E59E63E}.Debug|Any CPU.Build.0 = Debug|Any CPU
		{10C094CA-B48F-4292-8813-C9EE6E59E63E}.Release|Any CPU.ActiveCfg = Release|Any CPU
		{10C094CA-B48F-4292-8813-C9EE6E59E63E}.Release|Any CPU.Build.0 = Release|Any CPU
		{5C364FB8-F1D5-4FBC-8F76-E8F4A2E1A980}.Debug|Any CPU.ActiveCfg = Debug|Any CPU
		{5C364FB8-F1D5-4FBC-8F76-E8F4A2E1A980}.Debug|Any CPU.Build.0 = Debug|Any CPU
		{5C364FB8-F1D5-4FBC-8F76-E8F4A2E1A980}.Release|Any CPU.ActiveCfg = Release|Any CPU
		{5C364FB8-F1D5-4FBC-8F76-E8F4A2E1A980}.Release|Any CPU.Build.0 = Release|Any CPU
	EndGlobalSection
	GlobalSection(SolutionProperties) = preSolution
		HideSolutionNode = FALSE
	EndGlobalSection
	GlobalSection(ExtensibilityGlobals) = postSolution
		SolutionGuid = {F5481DDD-8E22-42F6-97DE-90D8DECB250B}
	EndGlobalSection
EndGlobal
